// !$*UTF8*$!
{
	archiveVersion = 1;
	classes = {
	};
	objectVersion = 46;
	objects = {

/* Begin PBXBuildFile section */
		155056FF1598943500D3FC38 /* libxml2.dylib in Frameworks */ = {isa = PBXBuildFile; fileRef = 155056FE1598943500D3FC38 /* libxml2.dylib */; };
		1565FB6815A2124B00C2FF83 /* BitmapLoader.cpp in Sources */ = {isa = PBXBuildFile; fileRef = 1565FB5915A2124B00C2FF83 /* BitmapLoader.cpp */; };
		1565FB6915A2124B00C2FF83 /* Camera.cpp in Sources */ = {isa = PBXBuildFile; fileRef = 1565FB5B15A2124B00C2FF83 /* Camera.cpp */; };
		1565FB6A15A2124B00C2FF83 /* Director.cpp in Sources */ = {isa = PBXBuildFile; fileRef = 1565FB5D15A2124B00C2FF83 /* Director.cpp */; };
		1565FB6B15A2124B00C2FF83 /* Drawable.cpp in Sources */ = {isa = PBXBuildFile; fileRef = 1565FB5F15A2124B00C2FF83 /* Drawable.cpp */; };
		1565FB6C15A2124B00C2FF83 /* Scene.cpp in Sources */ = {isa = PBXBuildFile; fileRef = 1565FB6115A2124B00C2FF83 /* Scene.cpp */; };
		1565FB6D15A2124B00C2FF83 /* Spritesheet.cpp in Sources */ = {isa = PBXBuildFile; fileRef = 1565FB6315A2124B00C2FF83 /* Spritesheet.cpp */; };
		1565FB6E15A2124B00C2FF83 /* TilemapLayer.cpp in Sources */ = {isa = PBXBuildFile; fileRef = 1565FB6515A2124B00C2FF83 /* TilemapLayer.cpp */; };
		1565FB6F15A2124B00C2FF83 /* main.cpp in Sources */ = {isa = PBXBuildFile; fileRef = 1565FB6715A2124B00C2FF83 /* main.cpp */; };
		1565FB7515A212EE00C2FF83 /* GameScene.cpp in Sources */ = {isa = PBXBuildFile; fileRef = 1565FB7415A212EE00C2FF83 /* GameScene.cpp */; };
		159DC99D158F54690036D70F /* Cocoa.framework in Frameworks */ = {isa = PBXBuildFile; fileRef = 159DC99C158F54690036D70F /* Cocoa.framework */; };
		159DC9C3158F568D0036D70F /* liballegro_acodec.dylib in Frameworks */ = {isa = PBXBuildFile; fileRef = 159DC9B7158F568D0036D70F /* liballegro_acodec.dylib */; };
		159DC9C4158F568D0036D70F /* liballegro_audio.dylib in Frameworks */ = {isa = PBXBuildFile; fileRef = 159DC9B8158F568D0036D70F /* liballegro_audio.dylib */; };
		159DC9C5158F568D0036D70F /* liballegro_color.dylib in Frameworks */ = {isa = PBXBuildFile; fileRef = 159DC9B9158F568D0036D70F /* liballegro_color.dylib */; };
		159DC9C6158F568D0036D70F /* liballegro_dialog.dylib in Frameworks */ = {isa = PBXBuildFile; fileRef = 159DC9BA158F568D0036D70F /* liballegro_dialog.dylib */; };
		159DC9C7158F568D0036D70F /* liballegro_font.dylib in Frameworks */ = {isa = PBXBuildFile; fileRef = 159DC9BB158F568D0036D70F /* liballegro_font.dylib */; };
		159DC9C8158F568D0036D70F /* liballegro_image.dylib in Frameworks */ = {isa = PBXBuildFile; fileRef = 159DC9BC158F568D0036D70F /* liballegro_image.dylib */; };
		159DC9C9158F568D0036D70F /* liballegro_main.dylib in Frameworks */ = {isa = PBXBuildFile; fileRef = 159DC9BD158F568D0036D70F /* liballegro_main.dylib */; };
		159DC9CA158F568D0036D70F /* liballegro_memfile.dylib in Frameworks */ = {isa = PBXBuildFile; fileRef = 159DC9BE158F568D0036D70F /* liballegro_memfile.dylib */; };
		159DC9CB158F568D0036D70F /* liballegro_physfs.dylib in Frameworks */ = {isa = PBXBuildFile; fileRef = 159DC9BF158F568D0036D70F /* liballegro_physfs.dylib */; };
		159DC9CC158F568D0036D70F /* liballegro_primitives.dylib in Frameworks */ = {isa = PBXBuildFile; fileRef = 159DC9C0158F568D0036D70F /* liballegro_primitives.dylib */; };
		159DC9CD158F568D0036D70F /* liballegro_ttf.dylib in Frameworks */ = {isa = PBXBuildFile; fileRef = 159DC9C1158F568D0036D70F /* liballegro_ttf.dylib */; };
		159DC9CE158F568D0036D70F /* liballegro.dylib in Frameworks */ = {isa = PBXBuildFile; fileRef = 159DC9C2158F568D0036D70F /* liballegro.dylib */; };
		159DC9D4158F59410036D70F /* res in Resources */ = {isa = PBXBuildFile; fileRef = 159DC9D3158F59410036D70F /* res */; };
		15A1C94715A47352000068F4 /* Character.cpp in Sources */ = {isa = PBXBuildFile; fileRef = 15A1C94615A47352000068F4 /* Character.cpp */; };
		15A1C94D15A475D9000068F4 /* MysteryController.cpp in Sources */ = {isa = PBXBuildFile; fileRef = 15A1C94C15A475D9000068F4 /* MysteryController.cpp */; };
		15A1C95015A4AA0C000068F4 /* Memory.cpp in Sources */ = {isa = PBXBuildFile; fileRef = 15A1C94F15A4AA0C000068F4 /* Memory.cpp */; };
		15A1C95315A4B087000068F4 /* POI.cpp in Sources */ = {isa = PBXBuildFile; fileRef = 15A1C95215A4B087000068F4 /* POI.cpp */; };
		15A1C95615A4B114000068F4 /* Room.cpp in Sources */ = {isa = PBXBuildFile; fileRef = 15A1C95515A4B114000068F4 /* Room.cpp */; };
		15A1C95915A4B7A2000068F4 /* InvestigationScene.cpp in Sources */ = {isa = PBXBuildFile; fileRef = 15A1C95815A4B7A2000068F4 /* InvestigationScene.cpp */; };
		15FF755715A5AE9300D5EDFB /* license.txt in Resources */ = {isa = PBXBuildFile; fileRef = 15FF755215A5AE9300D5EDFB /* license.txt */; };
		15FF755815A5AE9300D5EDFB /* readme.txt in Resources */ = {isa = PBXBuildFile; fileRef = 15FF755315A5AE9300D5EDFB /* readme.txt */; };
/* End PBXBuildFile section */

/* Begin PBXFileReference section */
		155056FE1598943500D3FC38 /* libxml2.dylib */ = {isa = PBXFileReference; lastKnownFileType = "compiled.mach-o.dylib"; name = libxml2.dylib; path = Platforms/MacOSX.platform/Developer/SDKs/MacOSX10.7.sdk/usr/lib/libxml2.dylib; sourceTree = DEVELOPER_DIR; };
		1565FB5915A2124B00C2FF83 /* BitmapLoader.cpp */ = {isa = PBXFileReference; fileEncoding = 4; lastKnownFileType = sourcecode.cpp.cpp; path = BitmapLoader.cpp; sourceTree = "<group>"; };
		1565FB5A15A2124B00C2FF83 /* BitmapLoader.h */ = {isa = PBXFileReference; fileEncoding = 4; lastKnownFileType = sourcecode.c.h; path = BitmapLoader.h; sourceTree = "<group>"; };
		1565FB5B15A2124B00C2FF83 /* Camera.cpp */ = {isa = PBXFileReference; fileEncoding = 4; lastKnownFileType = sourcecode.cpp.cpp; path = Camera.cpp; sourceTree = "<group>"; };
		1565FB5C15A2124B00C2FF83 /* Camera.h */ = {isa = PBXFileReference; fileEncoding = 4; lastKnownFileType = sourcecode.c.h; path = Camera.h; sourceTree = "<group>"; };
		1565FB5D15A2124B00C2FF83 /* Director.cpp */ = {isa = PBXFileReference; fileEncoding = 4; lastKnownFileType = sourcecode.cpp.cpp; path = Director.cpp; sourceTree = "<group>"; };
		1565FB5E15A2124B00C2FF83 /* Director.h */ = {isa = PBXFileReference; fileEncoding = 4; lastKnownFileType = sourcecode.c.h; path = Director.h; sourceTree = "<group>"; };
		1565FB5F15A2124B00C2FF83 /* Drawable.cpp */ = {isa = PBXFileReference; fileEncoding = 4; lastKnownFileType = sourcecode.cpp.cpp; path = Drawable.cpp; sourceTree = "<group>"; };
		1565FB6015A2124B00C2FF83 /* Drawable.h */ = {isa = PBXFileReference; fileEncoding = 4; lastKnownFileType = sourcecode.c.h; path = Drawable.h; sourceTree = "<group>"; };
		1565FB6115A2124B00C2FF83 /* Scene.cpp */ = {isa = PBXFileReference; fileEncoding = 4; lastKnownFileType = sourcecode.cpp.cpp; path = Scene.cpp; sourceTree = "<group>"; };
		1565FB6215A2124B00C2FF83 /* Scene.h */ = {isa = PBXFileReference; fileEncoding = 4; lastKnownFileType = sourcecode.c.h; path = Scene.h; sourceTree = "<group>"; };
		1565FB6315A2124B00C2FF83 /* Spritesheet.cpp */ = {isa = PBXFileReference; fileEncoding = 4; lastKnownFileType = sourcecode.cpp.cpp; path = Spritesheet.cpp; sourceTree = "<group>"; };
		1565FB6415A2124B00C2FF83 /* Spritesheet.h */ = {isa = PBXFileReference; fileEncoding = 4; lastKnownFileType = sourcecode.c.h; path = Spritesheet.h; sourceTree = "<group>"; };
		1565FB6515A2124B00C2FF83 /* TilemapLayer.cpp */ = {isa = PBXFileReference; fileEncoding = 4; lastKnownFileType = sourcecode.cpp.cpp; path = TilemapLayer.cpp; sourceTree = "<group>"; };
		1565FB6615A2124B00C2FF83 /* TilemapLayer.h */ = {isa = PBXFileReference; fileEncoding = 4; lastKnownFileType = sourcecode.c.h; path = TilemapLayer.h; sourceTree = "<group>"; };
		1565FB6715A2124B00C2FF83 /* main.cpp */ = {isa = PBXFileReference; fileEncoding = 4; lastKnownFileType = sourcecode.cpp.cpp; path = main.cpp; sourceTree = "<group>"; };
		1565FB7315A212E300C2FF83 /* GameScene.h */ = {isa = PBXFileReference; lastKnownFileType = sourcecode.c.h; path = GameScene.h; sourceTree = "<group>"; };
		1565FB7415A212EE00C2FF83 /* GameScene.cpp */ = {isa = PBXFileReference; fileEncoding = 4; lastKnownFileType = sourcecode.cpp.cpp; path = GameScene.cpp; sourceTree = "<group>"; };
		1565FB7615A2149200C2FF83 /* Framework.h */ = {isa = PBXFileReference; lastKnownFileType = sourcecode.c.h; path = Framework.h; sourceTree = "<group>"; };
		1571E15115A3109600F98680 /* Geometry.h */ = {isa = PBXFileReference; lastKnownFileType = sourcecode.c.h; path = Geometry.h; sourceTree = "<group>"; };
		159DC998158F54690036D70F /* LPC2012Game.app */ = {isa = PBXFileReference; explicitFileType = wrapper.application; includeInIndex = 0; path = LPC2012Game.app; sourceTree = BUILT_PRODUCTS_DIR; };
		159DC99C158F54690036D70F /* Cocoa.framework */ = {isa = PBXFileReference; lastKnownFileType = wrapper.framework; name = Cocoa.framework; path = System/Library/Frameworks/Cocoa.framework; sourceTree = SDKROOT; };
		159DC99F158F54690036D70F /* AppKit.framework */ = {isa = PBXFileReference; lastKnownFileType = wrapper.framework; name = AppKit.framework; path = System/Library/Frameworks/AppKit.framework; sourceTree = SDKROOT; };
		159DC9A0158F54690036D70F /* CoreData.framework */ = {isa = PBXFileReference; lastKnownFileType = wrapper.framework; name = CoreData.framework; path = System/Library/Frameworks/CoreData.framework; sourceTree = SDKROOT; };
		159DC9A1158F54690036D70F /* Foundation.framework */ = {isa = PBXFileReference; lastKnownFileType = wrapper.framework; name = Foundation.framework; path = System/Library/Frameworks/Foundation.framework; sourceTree = SDKROOT; };
		159DC9A4158F54690036D70F /* LPC2012Game-Info.plist */ = {isa = PBXFileReference; lastKnownFileType = text.plist.xml; path = "LPC2012Game-Info.plist"; sourceTree = "<group>"; };
		159DC9B7158F568D0036D70F /* liballegro_acodec.dylib */ = {isa = PBXFileReference; lastKnownFileType = "compiled.mach-o.dylib"; name = liballegro_acodec.dylib; path = /usr/local/lib/liballegro_acodec.dylib; sourceTree = "<absolute>"; };
		159DC9B8158F568D0036D70F /* liballegro_audio.dylib */ = {isa = PBXFileReference; lastKnownFileType = "compiled.mach-o.dylib"; name = liballegro_audio.dylib; path = /usr/local/lib/liballegro_audio.dylib; sourceTree = "<absolute>"; };
		159DC9B9158F568D0036D70F /* liballegro_color.dylib */ = {isa = PBXFileReference; lastKnownFileType = "compiled.mach-o.dylib"; name = liballegro_color.dylib; path = /usr/local/lib/liballegro_color.dylib; sourceTree = "<absolute>"; };
		159DC9BA158F568D0036D70F /* liballegro_dialog.dylib */ = {isa = PBXFileReference; lastKnownFileType = "compiled.mach-o.dylib"; name = liballegro_dialog.dylib; path = /usr/local/lib/liballegro_dialog.dylib; sourceTree = "<absolute>"; };
		159DC9BB158F568D0036D70F /* liballegro_font.dylib */ = {isa = PBXFileReference; lastKnownFileType = "compiled.mach-o.dylib"; name = liballegro_font.dylib; path = /usr/local/lib/liballegro_font.dylib; sourceTree = "<absolute>"; };
		159DC9BC158F568D0036D70F /* liballegro_image.dylib */ = {isa = PBXFileReference; lastKnownFileType = "compiled.mach-o.dylib"; name = liballegro_image.dylib; path = /usr/local/lib/liballegro_image.dylib; sourceTree = "<absolute>"; };
		159DC9BD158F568D0036D70F /* liballegro_main.dylib */ = {isa = PBXFileReference; lastKnownFileType = "compiled.mach-o.dylib"; name = liballegro_main.dylib; path = /usr/local/lib/liballegro_main.dylib; sourceTree = "<absolute>"; };
		159DC9BE158F568D0036D70F /* liballegro_memfile.dylib */ = {isa = PBXFileReference; lastKnownFileType = "compiled.mach-o.dylib"; name = liballegro_memfile.dylib; path = /usr/local/lib/liballegro_memfile.dylib; sourceTree = "<absolute>"; };
		159DC9BF158F568D0036D70F /* liballegro_physfs.dylib */ = {isa = PBXFileReference; lastKnownFileType = "compiled.mach-o.dylib"; name = liballegro_physfs.dylib; path = /usr/local/lib/liballegro_physfs.dylib; sourceTree = "<absolute>"; };
		159DC9C0158F568D0036D70F /* liballegro_primitives.dylib */ = {isa = PBXFileReference; lastKnownFileType = "compiled.mach-o.dylib"; name = liballegro_primitives.dylib; path = /usr/local/lib/liballegro_primitives.dylib; sourceTree = "<absolute>"; };
		159DC9C1158F568D0036D70F /* liballegro_ttf.dylib */ = {isa = PBXFileReference; lastKnownFileType = "compiled.mach-o.dylib"; name = liballegro_ttf.dylib; path = /usr/local/lib/liballegro_ttf.dylib; sourceTree = "<absolute>"; };
		159DC9C2158F568D0036D70F /* liballegro.dylib */ = {isa = PBXFileReference; lastKnownFileType = "compiled.mach-o.dylib"; name = liballegro.dylib; path = /usr/local/lib/liballegro.dylib; sourceTree = "<absolute>"; };
		159DC9D3158F59410036D70F /* res */ = {isa = PBXFileReference; lastKnownFileType = folder; name = res; path = ../res; sourceTree = SOURCE_ROOT; };
		15A1C94615A47352000068F4 /* Character.cpp */ = {isa = PBXFileReference; fileEncoding = 4; lastKnownFileType = sourcecode.cpp.cpp; path = Character.cpp; sourceTree = "<group>"; };
		15A1C94815A4735B000068F4 /* Character.h */ = {isa = PBXFileReference; lastKnownFileType = sourcecode.c.h; path = Character.h; sourceTree = "<group>"; };
		15A1C94C15A475D9000068F4 /* MysteryController.cpp */ = {isa = PBXFileReference; fileEncoding = 4; lastKnownFileType = sourcecode.cpp.cpp; path = MysteryController.cpp; sourceTree = "<group>"; };
		15A1C94E15A475F5000068F4 /* MysteryController.h */ = {isa = PBXFileReference; lastKnownFileType = sourcecode.c.h; path = MysteryController.h; sourceTree = "<group>"; };
		15A1C94F15A4AA0C000068F4 /* Memory.cpp */ = {isa = PBXFileReference; fileEncoding = 4; lastKnownFileType = sourcecode.cpp.cpp; path = Memory.cpp; sourceTree = "<group>"; };
		15A1C95115A4AA1E000068F4 /* Memory.h */ = {isa = PBXFileReference; lastKnownFileType = sourcecode.c.h; path = Memory.h; sourceTree = "<group>"; };
		15A1C95215A4B087000068F4 /* POI.cpp */ = {isa = PBXFileReference; fileEncoding = 4; lastKnownFileType = sourcecode.cpp.cpp; path = POI.cpp; sourceTree = "<group>"; };
		15A1C95415A4B098000068F4 /* POI.h */ = {isa = PBXFileReference; lastKnownFileType = sourcecode.c.h; path = POI.h; sourceTree = "<group>"; };
		15A1C95515A4B114000068F4 /* Room.cpp */ = {isa = PBXFileReference; fileEncoding = 4; lastKnownFileType = sourcecode.cpp.cpp; path = Room.cpp; sourceTree = "<group>"; };
		15A1C95715A4B11D000068F4 /* Room.h */ = {isa = PBXFileReference; lastKnownFileType = sourcecode.c.h; path = Room.h; sourceTree = "<group>"; };
		15A1C95815A4B7A2000068F4 /* InvestigationScene.cpp */ = {isa = PBXFileReference; fileEncoding = 4; lastKnownFileType = sourcecode.cpp.cpp; path = InvestigationScene.cpp; sourceTree = "<group>"; };
		15A1C95A15A4B7AF000068F4 /* InvestigationScene.h */ = {isa = PBXFileReference; lastKnownFileType = sourcecode.c.h; path = InvestigationScene.h; sourceTree = "<group>"; };
		15FF755115A5AE9300D5EDFB /* fsa.h */ = {isa = PBXFileReference; fileEncoding = 4; lastKnownFileType = sourcecode.c.h; path = fsa.h; sourceTree = "<group>"; };
		15FF755215A5AE9300D5EDFB /* license.txt */ = {isa = PBXFileReference; fileEncoding = 4; lastKnownFileType = text; path = license.txt; sourceTree = "<group>"; };
		15FF755315A5AE9300D5EDFB /* readme.txt */ = {isa = PBXFileReference; fileEncoding = 4; lastKnownFileType = text; path = readme.txt; sourceTree = "<group>"; };
		15FF755415A5AE9300D5EDFB /* stlastar.h */ = {isa = PBXFileReference; fileEncoding = 4; lastKnownFileType = sourcecode.c.h; path = stlastar.h; sourceTree = "<group>"; };
/* End PBXFileReference section */

/* Begin PBXFrameworksBuildPhase section */
		159DC995158F54690036D70F /* Frameworks */ = {
			isa = PBXFrameworksBuildPhase;
			buildActionMask = 2147483647;
			files = (
				155056FF1598943500D3FC38 /* libxml2.dylib in Frameworks */,
				159DC99D158F54690036D70F /* Cocoa.framework in Frameworks */,
				159DC9C3158F568D0036D70F /* liballegro_acodec.dylib in Frameworks */,
				159DC9C4158F568D0036D70F /* liballegro_audio.dylib in Frameworks */,
				159DC9C5158F568D0036D70F /* liballegro_color.dylib in Frameworks */,
				159DC9C6158F568D0036D70F /* liballegro_dialog.dylib in Frameworks */,
				159DC9C7158F568D0036D70F /* liballegro_font.dylib in Frameworks */,
				159DC9C8158F568D0036D70F /* liballegro_image.dylib in Frameworks */,
				159DC9C9158F568D0036D70F /* liballegro_main.dylib in Frameworks */,
				159DC9CA158F568D0036D70F /* liballegro_memfile.dylib in Frameworks */,
				159DC9CB158F568D0036D70F /* liballegro_physfs.dylib in Frameworks */,
				159DC9CC158F568D0036D70F /* liballegro_primitives.dylib in Frameworks */,
				159DC9CD158F568D0036D70F /* liballegro_ttf.dylib in Frameworks */,
				159DC9CE158F568D0036D70F /* liballegro.dylib in Frameworks */,
			);
			runOnlyForDeploymentPostprocessing = 0;
		};
/* End PBXFrameworksBuildPhase section */

/* Begin PBXGroup section */
		1565FB5715A2124B00C2FF83 /* src */ = {
			isa = PBXGroup;
			children = (
				1565FB5815A2124B00C2FF83 /* framework */,
				1565FB7115A212C100C2FF83 /* model */,
				1565FB7215A212C100C2FF83 /* view */,
				1565FB7015A212C100C2FF83 /* controller */,
				1565FB6715A2124B00C2FF83 /* main.cpp */,
			);
			name = src;
			path = ../src;
			sourceTree = SOURCE_ROOT;
		};
		1565FB5815A2124B00C2FF83 /* framework */ = {
			isa = PBXGroup;
			children = (
				1571E15115A3109600F98680 /* Geometry.h */,
				1565FB5915A2124B00C2FF83 /* BitmapLoader.cpp */,
				1565FB5A15A2124B00C2FF83 /* BitmapLoader.h */,
				1565FB5B15A2124B00C2FF83 /* Camera.cpp */,
				1565FB5C15A2124B00C2FF83 /* Camera.h */,
				1565FB5D15A2124B00C2FF83 /* Director.cpp */,
				1565FB5E15A2124B00C2FF83 /* Director.h */,
				1565FB5F15A2124B00C2FF83 /* Drawable.cpp */,
				1565FB6015A2124B00C2FF83 /* Drawable.h */,
				1565FB6115A2124B00C2FF83 /* Scene.cpp */,
				1565FB6215A2124B00C2FF83 /* Scene.h */,
				1565FB6315A2124B00C2FF83 /* Spritesheet.cpp */,
				1565FB6415A2124B00C2FF83 /* Spritesheet.h */,
				1565FB6515A2124B00C2FF83 /* TilemapLayer.cpp */,
				1565FB6615A2124B00C2FF83 /* TilemapLayer.h */,
				1565FB7615A2149200C2FF83 /* Framework.h */,
			);
			path = framework;
			sourceTree = "<group>";
		};
		1565FB7015A212C100C2FF83 /* controller */ = {
			isa = PBXGroup;
			children = (
				15A1C94C15A475D9000068F4 /* MysteryController.cpp */,
				15A1C94E15A475F5000068F4 /* MysteryController.h */,
			);
			path = controller;
			sourceTree = "<group>";
		};
		1565FB7115A212C100C2FF83 /* model */ = {
			isa = PBXGroup;
			children = (
				15A1C94615A47352000068F4 /* Character.cpp */,
				15A1C94815A4735B000068F4 /* Character.h */,
				15A1C94F15A4AA0C000068F4 /* Memory.cpp */,
				15A1C95115A4AA1E000068F4 /* Memory.h */,
				15A1C95215A4B087000068F4 /* POI.cpp */,
				15A1C95415A4B098000068F4 /* POI.h */,
				15A1C95515A4B114000068F4 /* Room.cpp */,
				15A1C95715A4B11D000068F4 /* Room.h */,
			);
			path = model;
			sourceTree = "<group>";
		};
		1565FB7215A212C100C2FF83 /* view */ = {
			isa = PBXGroup;
			children = (
				1565FB7415A212EE00C2FF83 /* GameScene.cpp */,
				1565FB7315A212E300C2FF83 /* GameScene.h */,
				15A1C95815A4B7A2000068F4 /* InvestigationScene.cpp */,
				15A1C95A15A4B7AF000068F4 /* InvestigationScene.h */,
			);
			path = view;
			sourceTree = "<group>";
		};
		159DC98B158F54240036D70F = {
			isa = PBXGroup;
			children = (
				159DC9A2158F54690036D70F /* LPC2012Game */,
				159DC99B158F54690036D70F /* Frameworks */,
				159DC999158F54690036D70F /* Products */,
			);
			sourceTree = "<group>";
		};
		159DC999158F54690036D70F /* Products */ = {
			isa = PBXGroup;
			children = (
				159DC998158F54690036D70F /* LPC2012Game.app */,
			);
			name = Products;
			sourceTree = "<group>";
		};
		159DC99B158F54690036D70F /* Frameworks */ = {
			isa = PBXGroup;
			children = (
				155056FE1598943500D3FC38 /* libxml2.dylib */,
				159DC99C158F54690036D70F /* Cocoa.framework */,
				159DC9CF158F56A50036D70F /* Allegro */,
				159DC99E158F54690036D70F /* Other Frameworks */,
			);
			name = Frameworks;
			sourceTree = "<group>";
		};
		159DC99E158F54690036D70F /* Other Frameworks */ = {
			isa = PBXGroup;
			children = (
				159DC99F158F54690036D70F /* AppKit.framework */,
				159DC9A0158F54690036D70F /* CoreData.framework */,
				159DC9A1158F54690036D70F /* Foundation.framework */,
			);
			name = "Other Frameworks";
			sourceTree = "<group>";
		};
		159DC9A2158F54690036D70F /* LPC2012Game */ = {
			isa = PBXGroup;
			children = (
				15FF754D15A5AE9300D5EDFB /* lib */,
				1565FB5715A2124B00C2FF83 /* src */,
				159DC9D3158F59410036D70F /* res */,
				159DC9A3158F54690036D70F /* Supporting Files */,
			);
			path = LPC2012Game;
			sourceTree = "<group>";
		};
		159DC9A3158F54690036D70F /* Supporting Files */ = {
			isa = PBXGroup;
			children = (
				159DC9A4158F54690036D70F /* LPC2012Game-Info.plist */,
			);
			name = "Supporting Files";
			sourceTree = "<group>";
		};
		159DC9CF158F56A50036D70F /* Allegro */ = {
			isa = PBXGroup;
			children = (
				159DC9B7158F568D0036D70F /* liballegro_acodec.dylib */,
				159DC9B8158F568D0036D70F /* liballegro_audio.dylib */,
				159DC9B9158F568D0036D70F /* liballegro_color.dylib */,
				159DC9BA158F568D0036D70F /* liballegro_dialog.dylib */,
				159DC9BB158F568D0036D70F /* liballegro_font.dylib */,
				159DC9BC158F568D0036D70F /* liballegro_image.dylib */,
				159DC9BD158F568D0036D70F /* liballegro_main.dylib */,
				159DC9BE158F568D0036D70F /* liballegro_memfile.dylib */,
				159DC9BF158F568D0036D70F /* liballegro_physfs.dylib */,
				159DC9C0158F568D0036D70F /* liballegro_primitives.dylib */,
				159DC9C1158F568D0036D70F /* liballegro_ttf.dylib */,
				159DC9C2158F568D0036D70F /* liballegro.dylib */,
			);
			name = Allegro;
			sourceTree = "<group>";
		};
		15FF754D15A5AE9300D5EDFB /* lib */ = {
			isa = PBXGroup;
			children = (
				15FF754E15A5AE9300D5EDFB /* astar */,
			);
			path = lib;
			sourceTree = "<group>";
		};
		15FF754E15A5AE9300D5EDFB /* astar */ = {
			isa = PBXGroup;
			children = (
				15FF755215A5AE9300D5EDFB /* license.txt */,
				15FF755315A5AE9300D5EDFB /* readme.txt */,
				15FF755115A5AE9300D5EDFB /* fsa.h */,
				15FF755415A5AE9300D5EDFB /* stlastar.h */,
			);
			path = astar;
			sourceTree = "<group>";
		};
/* End PBXGroup section */

/* Begin PBXNativeTarget section */
		159DC997158F54690036D70F /* LPC2012Game */ = {
			isa = PBXNativeTarget;
			buildConfigurationList = 159DC9B4158F54690036D70F /* Build configuration list for PBXNativeTarget "LPC2012Game" */;
			buildPhases = (
				159DC994158F54690036D70F /* Sources */,
				159DC995158F54690036D70F /* Frameworks */,
				159DC996158F54690036D70F /* Resources */,
			);
			buildRules = (
			);
			dependencies = (
			);
			name = LPC2012Game;
			productName = AllegroTest;
			productReference = 159DC998158F54690036D70F /* LPC2012Game.app */;
			productType = "com.apple.product-type.application";
		};
/* End PBXNativeTarget section */

/* Begin PBXProject section */
		159DC98D158F54240036D70F /* Project object */ = {
			isa = PBXProject;
			attributes = {
				LastUpgradeCheck = 0430;
				ORGANIZATIONNAME = Crocodella;
			};
			buildConfigurationList = 159DC990158F54240036D70F /* Build configuration list for PBXProject "LPC2012Game" */;
			compatibilityVersion = "Xcode 3.2";
			developmentRegion = English;
			hasScannedForEncodings = 0;
			knownRegions = (
				en,
			);
			mainGroup = 159DC98B158F54240036D70F;
			productRefGroup = 159DC999158F54690036D70F /* Products */;
			projectDirPath = "";
			projectRoot = "";
			targets = (
				159DC997158F54690036D70F /* LPC2012Game */,
			);
		};
/* End PBXProject section */

/* Begin PBXResourcesBuildPhase section */
		159DC996158F54690036D70F /* Resources */ = {
			isa = PBXResourcesBuildPhase;
			buildActionMask = 2147483647;
			files = (
				159DC9D4158F59410036D70F /* res in Resources */,
				15FF755715A5AE9300D5EDFB /* license.txt in Resources */,
				15FF755815A5AE9300D5EDFB /* readme.txt in Resources */,
			);
			runOnlyForDeploymentPostprocessing = 0;
		};
/* End PBXResourcesBuildPhase section */

/* Begin PBXSourcesBuildPhase section */
		159DC994158F54690036D70F /* Sources */ = {
			isa = PBXSourcesBuildPhase;
			buildActionMask = 2147483647;
			files = (
				1565FB6815A2124B00C2FF83 /* BitmapLoader.cpp in Sources */,
				1565FB6915A2124B00C2FF83 /* Camera.cpp in Sources */,
				1565FB6A15A2124B00C2FF83 /* Director.cpp in Sources */,
				1565FB6B15A2124B00C2FF83 /* Drawable.cpp in Sources */,
				1565FB6C15A2124B00C2FF83 /* Scene.cpp in Sources */,
				1565FB6D15A2124B00C2FF83 /* Spritesheet.cpp in Sources */,
				1565FB6E15A2124B00C2FF83 /* TilemapLayer.cpp in Sources */,
				1565FB6F15A2124B00C2FF83 /* main.cpp in Sources */,
				1565FB7515A212EE00C2FF83 /* GameScene.cpp in Sources */,
				15A1C94715A47352000068F4 /* Character.cpp in Sources */,
				15A1C94D15A475D9000068F4 /* MysteryController.cpp in Sources */,
				15A1C95015A4AA0C000068F4 /* Memory.cpp in Sources */,
				15A1C95315A4B087000068F4 /* POI.cpp in Sources */,
				15A1C95615A4B114000068F4 /* Room.cpp in Sources */,
				15A1C95915A4B7A2000068F4 /* InvestigationScene.cpp in Sources */,
			);
			runOnlyForDeploymentPostprocessing = 0;
		};
/* End PBXSourcesBuildPhase section */

/* Begin XCBuildConfiguration section */
		159DC992158F54250036D70F /* Debug */ = {
			isa = XCBuildConfiguration;
			buildSettings = {
			};
			name = Debug;
		};
		159DC993158F54250036D70F /* Release */ = {
			isa = XCBuildConfiguration;
			buildSettings = {
			};
			name = Release;
		};
		159DC9B5158F54690036D70F /* Debug */ = {
			isa = XCBuildConfiguration;
			buildSettings = {
				ALWAYS_SEARCH_USER_PATHS = YES;
				ARCHS = "$(ARCHS_STANDARD_64_BIT)";
				COPY_PHASE_STRIP = NO;
				GCC_C_LANGUAGE_STANDARD = gnu99;
				GCC_DYNAMIC_NO_PIC = NO;
				GCC_ENABLE_OBJC_EXCEPTIONS = YES;
				GCC_OPTIMIZATION_LEVEL = 0;
				GCC_PRECOMPILE_PREFIX_HEADER = NO;
				GCC_PREPROCESSOR_DEFINITIONS = (
					"DEBUG=1",
					"$(inherited)",
				);
				GCC_SYMBOLS_PRIVATE_EXTERN = NO;
				GCC_VERSION = com.apple.compilers.llvm.clang.1_0;
				GCC_WARN_64_TO_32_BIT_CONVERSION = YES;
				GCC_WARN_ABOUT_RETURN_TYPE = YES;
				GCC_WARN_UNINITIALIZED_AUTOS = YES;
				GCC_WARN_UNUSED_VARIABLE = YES;
				HEADER_SEARCH_PATHS = (
					"/usr/local/include/**",
					"/usr/include/libxml2/**",
				);
				INFOPLIST_FILE = "LPC2012Game/LPC2012Game-Info.plist";
				LIBRARY_SEARCH_PATHS = "/usr/local/lib/**";
				MACOSX_DEPLOYMENT_TARGET = 10.7;
				ONLY_ACTIVE_ARCH = YES;
				PRODUCT_NAME = LPC2012Game;
				SDKROOT = macosx;
				WRAPPER_EXTENSION = app;
			};
			name = Debug;
		};
		159DC9B6158F54690036D70F /* Release */ = {
			isa = XCBuildConfiguration;
			buildSettings = {
				ALWAYS_SEARCH_USER_PATHS = YES;
				ARCHS = "$(ARCHS_STANDARD_64_BIT)";
				COPY_PHASE_STRIP = YES;
				DEBUG_INFORMATION_FORMAT = "dwarf-with-dsym";
				GCC_C_LANGUAGE_STANDARD = gnu99;
				GCC_ENABLE_OBJC_EXCEPTIONS = YES;
				GCC_PRECOMPILE_PREFIX_HEADER = NO;
				GCC_VERSION = com.apple.compilers.llvm.clang.1_0;
				GCC_WARN_64_TO_32_BIT_CONVERSION = YES;
				GCC_WARN_ABOUT_RETURN_TYPE = YES;
				GCC_WARN_UNINITIALIZED_AUTOS = YES;
				GCC_WARN_UNUSED_VARIABLE = YES;
				HEADER_SEARCH_PATHS = (
					"/usr/local/include/**",
					"/usr/include/libxml2/**",
				);
				INFOPLIST_FILE = "LPC2012Game/LPC2012Game-Info.plist";
				LIBRARY_SEARCH_PATHS = "/usr/local/lib/**";
				MACOSX_DEPLOYMENT_TARGET = 10.7;
				PRODUCT_NAME = LPC2012Game;
				SDKROOT = macosx;
				WRAPPER_EXTENSION = app;
			};
			name = Release;
		};
/* End XCBuildConfiguration section */

/* Begin XCConfigurationList section */
		159DC990158F54240036D70F /* Build configuration list for PBXProject "LPC2012Game" */ = {
			isa = XCConfigurationList;
			buildConfigurations = (
				159DC992158F54250036D70F /* Debug */,
				159DC993158F54250036D70F /* Release */,
			);
			defaultConfigurationIsVisible = 0;
			defaultConfigurationName = Release;
		};
		159DC9B4158F54690036D70F /* Build configuration list for PBXNativeTarget "LPC2012Game" */ = {
			isa = XCConfigurationList;
			buildConfigurations = (
				159DC9B5158F54690036D70F /* Debug */,
				159DC9B6158F54690036D70F /* Release */,
			);
			defaultConfigurationIsVisible = 0;
			defaultConfigurationName = Release;
		};
/* End XCConfigurationList section */
	};
	rootObject = 159DC98D158F54240036D70F /* Project object */;
}
